
Microsoft Visual Studio Solution File, Format Version 12.00
# Visual Studio Version 17
VisualStudioVersion = 17.7.34202.233
MinimumVisualStudioVersion = 10.0.40219.1
Project("{2150E333-8FDC-42A3-9474-1A3956D46DE8}") = "Solution Files", "Solution Files", "{AB342C4F-3363-4A11-84A0-5B079E058D63}"
	ProjectSection(SolutionItems) = preProject
		Solution Files\Export Package to Local Feed.bat = Solution Files\Export Package to Local Feed.bat
		Solution Files\nuget.exe = Solution Files\nuget.exe
		Solution Files\Update Dependent Logic.ps1 = Solution Files\Update Dependent Logic.ps1
	EndProjectSection
EndProject
Project("{9A19103F-16F7-4668-BE54-9A1E7A4F7556}") = "Tewl", "Tewl\Tewl.csproj", "{C6158C5A-CD33-4193-80CC-A9BBD7EC60D7}"
EndProject
Project("{9A19103F-16F7-4668-BE54-9A1E7A4F7556}") = "Library", "Library\Library.csproj", "{8B713E42-1F78-4EF4-9671-C80FB9236513}"
EndProject
Project("{9A19103F-16F7-4668-BE54-9A1E7A4F7556}") = "TewlTester", "TewlTester\TewlTester.csproj", "{F250853F-5A4E-46E8-BFFB-C142DBE996F6}"
EndProject
Global
	GlobalSection(SolutionConfigurationPlatforms) = preSolution
		Debug|Any CPU = Debug|Any CPU
		Release|Any CPU = Release|Any CPU
	EndGlobalSection
	GlobalSection(ProjectConfigurationPlatforms) = postSolution
		{C6158C5A-CD33-4193-80CC-A9BBD7EC60D7}.Debug|Any CPU.ActiveCfg = Debug|Any CPU
		{C6158C5A-CD33-4193-80CC-A9BBD7EC60D7}.Debug|Any CPU.Build.0 = Debug|Any CPU
		{C6158C5A-CD33-4193-80CC-A9BBD7EC60D7}.Release|Any CPU.ActiveCfg = Release|Any CPU
		{C6158C5A-CD33-4193-80CC-A9BBD7EC60D7}.Release|Any CPU.Build.0 = Release|Any CPU
		{8B713E42-1F78-4EF4-9671-C80FB9236513}.Debug|Any CPU.ActiveCfg = Debug|Any CPU
		{8B713E42-1F78-4EF4-9671-C80FB9236513}.Debug|Any CPU.Build.0 = Debug|Any CPU
		{8B713E42-1F78-4EF4-9671-C80FB9236513}.Release|Any CPU.ActiveCfg = Release|Any CPU
		{8B713E42-1F78-4EF4-9671-C80FB9236513}.Release|Any CPU.Build.0 = Release|Any CPU
		{F250853F-5A4E-46E8-BFFB-C142DBE996F6}.Debug|Any CPU.ActiveCfg = Debug|Any CPU
		{F250853F-5A4E-46E8-BFFB-C142DBE996F6}.Debug|Any CPU.Build.0 = Debug|Any CPU
		{F250853F-5A4E-46E8-BFFB-C142DBE996F6}.Release|Any CPU.ActiveCfg = Release|Any CPU
		{F250853F-5A4E-46E8-BFFB-C142DBE996F6}.Release|Any CPU.Build.0 = Release|Any CPU
	EndGlobalSection
	GlobalSection(SolutionProperties) = preSolution
		HideSolutionNode = FALSE
	EndGlobalSection
	GlobalSection(ExtensibilityGlobals) = postSolution
		SolutionGuid = {CE2721D2-7461-4B96-8176-513E776A6004}
	EndGlobalSection
EndGlobal
