
Microsoft Visual Studio Solution File, Format Version 12.00
# Visual Studio 15
VisualStudioVersion = 15.0.28307.421
MinimumVisualStudioVersion = 10.0.40219.1
Project("{FAE04EC0-301F-11D3-BF4B-00C04F79EFBC}") = "Tewl", "Tewl\Tewl.csproj", "{C6158C5A-CD33-4193-80CC-A9BBD7EC60D7}"
EndProject
Global
	GlobalSection(SolutionConfigurationPlatforms) = preSolution
		Debug|Any CPU = Debug|Any CPU
		Release|Any CPU = Release|Any CPU
	EndGlobalSection
	GlobalSection(ProjectConfigurationPlatforms) = postSolution
		{C6158C5A-CD33-4193-80CC-A9BBD7EC60D7}.Debug|Any CPU.ActiveCfg = Debug|Any CPU
		{C6158C5A-CD33-4193-80CC-A9BBD7EC60D7}.Debug|Any CPU.Build.0 = Debug|Any CPU
		{C6158C5A-CD33-4193-80CC-A9BBD7EC60D7}.Release|Any CPU.ActiveCfg = Release|Any CPU
		{C6158C5A-CD33-4193-80CC-A9BBD7EC60D7}.Release|Any CPU.Build.0 = Release|Any CPU
	EndGlobalSection
	GlobalSection(SolutionProperties) = preSolution
		HideSolutionNode = FALSE
	EndGlobalSection
	GlobalSection(ExtensibilityGlobals) = postSolution
		SolutionGuid = {CE2721D2-7461-4B96-8176-513E776A6004}
	EndGlobalSection
EndGlobal
